# This file is automatically @generated by Cargo.
# It is not intended for manual editing.
[[package]]
name = "actix-macros"
version = "0.1.2"
source = "registry+https://github.com/rust-lang/crates.io-index"
checksum = "a60f9ba7c4e6df97f3aacb14bb5c0cd7d98a49dcbaed0d7f292912ad9a6a3ed2"
dependencies = [
 "quote",
 "syn",
]

[[package]]
name = "actix-rt"
version = "1.1.1"
source = "registry+https://github.com/rust-lang/crates.io-index"
checksum = "143fcc2912e0d1de2bcf4e2f720d2a60c28652ab4179685a1ee159e0fb3db227"
dependencies = [
 "actix-macros",
 "actix-threadpool",
 "copyless",
 "futures-channel",
 "futures-util",
 "smallvec",
 "tokio",
]

[[package]]
name = "actix-threadpool"
version = "0.3.3"
source = "registry+https://github.com/rust-lang/crates.io-index"
checksum = "d209f04d002854b9afd3743032a27b066158817965bf5d036824d19ac2cc0e30"
dependencies = [
 "derive_more",
 "futures-channel",
 "lazy_static",
 "log",
 "num_cpus",
 "parking_lot",
 "threadpool",
]

[[package]]
name = "aho-corasick"
version = "0.7.10"
source = "registry+https://github.com/rust-lang/crates.io-index"
checksum = "8716408b8bc624ed7f65d223ddb9ac2d044c0547b6fa4b0d554f3a9540496ada"
dependencies = [
 "memchr",
]

[[package]]
name = "arc-swap"
version = "0.4.7"
source = "registry+https://github.com/rust-lang/crates.io-index"
checksum = "4d25d88fd6b8041580a654f9d0c581a047baee2b3efee13275f2fc392fc75034"

[[package]]
name = "arrayref"
version = "0.3.6"
source = "registry+https://github.com/rust-lang/crates.io-index"
checksum = "a4c527152e37cf757a3f78aae5a06fbeefdb07ccc535c980a3208ee3060dd544"

[[package]]
name = "arrayvec"
version = "0.5.1"
source = "registry+https://github.com/rust-lang/crates.io-index"
checksum = "cff77d8686867eceff3105329d4698d96c2391c176d5d03adc90c7389162b5b8"

[[package]]
name = "ascii-canvas"
version = "2.0.0"
source = "registry+https://github.com/rust-lang/crates.io-index"
checksum = "ff8eb72df928aafb99fe5d37b383f2fe25bd2a765e3e5f7c365916b6f2463a29"
dependencies = [
 "term",
]

[[package]]
name = "atty"
version = "0.2.14"
source = "registry+https://github.com/rust-lang/crates.io-index"
checksum = "d9b39be18770d11421cdb1b9947a45dd3f37e93092cbf377614828a319d5fee8"
dependencies = [
 "hermit-abi",
 "libc",
 "winapi 0.3.8",
]

[[package]]
name = "autocfg"
version = "1.0.0"
source = "registry+https://github.com/rust-lang/crates.io-index"
checksum = "f8aac770f1885fd7e387acedd76065302551364496e46b3dd00860b2f8359b9d"

[[package]]
name = "base32"
version = "0.4.0"
source = "registry+https://github.com/rust-lang/crates.io-index"
checksum = "23ce669cd6c8588f79e15cf450314f9638f967fc5770ff1c7c1deb0925ea7cfa"

[[package]]
name = "base64"
version = "0.11.0"
source = "registry+https://github.com/rust-lang/crates.io-index"
checksum = "b41b7ea54a0c9d92199de89e20e58d49f02f8e699814ef3fdf266f6f748d15c7"

[[package]]
name = "beef"
version = "0.4.4"
source = "registry+https://github.com/rust-lang/crates.io-index"
checksum = "474a626a67200bd107d44179bb3d4fc61891172d11696609264589be6a0e6a43"

[[package]]
name = "bigmap"
version = "0.2.0"
dependencies = [
 "actix-rt",
 "bincode",
 "bitflags",
 "bytesize",
 "candid",
 "cfg-if",
 "crc32fast",
 "data-encoding",
 "digest 0.9.0",
 "futures",
 "generic-array 0.14.4",
 "hex",
 "ic_cdk",
 "ic_cdk_macros",
 "indexmap",
 "lazy_static",
 "num-bigint",
 "regex",
 "roaring",
 "rust-stemmers",
 "serde",
 "serde-json-wasm",
 "sha2 0.9.1",
 "wee_alloc",
 "wyhash",
]

[[package]]
name = "bincode"
version = "1.3.1"
source = "registry+https://github.com/rust-lang/crates.io-index"
checksum = "f30d3a39baa26f9651f17b375061f3233dde33424a8b72b0dbe93a68a0bc896d"
dependencies = [
 "byteorder",
 "serde",
]

[[package]]
name = "bit-set"
version = "0.5.2"
source = "registry+https://github.com/rust-lang/crates.io-index"
checksum = "6e11e16035ea35e4e5997b393eacbf6f63983188f7a2ad25bfb13465f5ad59de"
dependencies = [
 "bit-vec",
]

[[package]]
name = "bit-vec"
version = "0.6.2"
source = "registry+https://github.com/rust-lang/crates.io-index"
checksum = "5f0dc55f2d8a1a85650ac47858bb001b4c0dd73d79e3c455a842925e68d29cd3"

[[package]]
name = "bitflags"
version = "1.2.1"
source = "registry+https://github.com/rust-lang/crates.io-index"
checksum = "cf1de2fe8c75bc145a2f577add951f8134889b4795d47466a54a5c846d691693"

[[package]]
name = "blake2b_simd"
version = "0.5.10"
source = "registry+https://github.com/rust-lang/crates.io-index"
checksum = "d8fb2d74254a3a0b5cac33ac9f8ed0e44aa50378d9dbb2e5d83bd21ed1dc2c8a"
dependencies = [
 "arrayref",
 "arrayvec",
 "constant_time_eq",
]

[[package]]
name = "block-buffer"
version = "0.7.3"
source = "registry+https://github.com/rust-lang/crates.io-index"
checksum = "c0940dc441f31689269e10ac70eb1002a3a1d3ad1390e030043662eb7fe4688b"
dependencies = [
 "block-padding",
 "byte-tools",
 "byteorder",
 "generic-array 0.12.3",
]

[[package]]
name = "block-buffer"
version = "0.9.0"
source = "registry+https://github.com/rust-lang/crates.io-index"
checksum = "4152116fd6e9dadb291ae18fc1ec3575ed6d84c29642d97890f4b4a3417297e4"
dependencies = [
 "generic-array 0.14.4",
]

[[package]]
name = "block-padding"
version = "0.1.5"
source = "registry+https://github.com/rust-lang/crates.io-index"
checksum = "fa79dedbb091f449f1f39e53edf88d5dbe95f895dae6135a8d7b881fb5af73f5"
dependencies = [
 "byte-tools",
]

[[package]]
name = "byte-tools"
version = "0.3.1"
source = "registry+https://github.com/rust-lang/crates.io-index"
checksum = "e3b5ca7a04898ad4bcd41c90c5285445ff5b791899bb1b0abdd2a2aa791211d7"

[[package]]
name = "byteorder"
version = "1.3.4"
source = "registry+https://github.com/rust-lang/crates.io-index"
checksum = "08c48aae112d48ed9f069b33538ea9e3e90aa263cfa3d1c24309612b1f7472de"

[[package]]
name = "bytes"
version = "0.5.6"
source = "registry+https://github.com/rust-lang/crates.io-index"
checksum = "0e4cec68f03f32e44924783795810fa50a7035d8c8ebe78580ad7e6c703fba38"

[[package]]
name = "bytesize"
version = "1.0.1"
source = "registry+https://github.com/rust-lang/crates.io-index"
checksum = "81a18687293a1546b67c246452202bbbf143d239cb43494cc163da14979082da"

[[package]]
name = "candid"
version = "0.6.0"
source = "registry+https://github.com/rust-lang/crates.io-index"
checksum = "15f6e879d53af7853a2d8ec7fd7d786bbf363a1535296542b957e67592f229dc"
dependencies = [
 "byteorder",
 "candid_derive",
 "codespan-reporting",
 "hex",
 "ic-types",
 "lalrpop",
 "lalrpop-util",
 "leb128",
 "logos",
 "num-bigint",
 "num-traits",
 "num_enum",
 "paste",
 "pretty",
 "serde",
]

[[package]]
name = "candid_derive"
version = "0.4.0"
source = "registry+https://github.com/rust-lang/crates.io-index"
checksum = "ab31ccaf3ab1184bab4a139afb0d23c3aa54144d4a92ef0d0de7653cad4f679f"
dependencies = [
 "proc-macro2",
 "quote",
 "syn",
]

[[package]]
name = "cfg-if"
version = "0.1.10"
source = "registry+https://github.com/rust-lang/crates.io-index"
checksum = "4785bdd1c96b2a846b2bd7cc02e86b6b3dbf14e7e53446c4f54c92a361040822"

[[package]]
name = "cloudabi"
version = "0.1.0"
source = "registry+https://github.com/rust-lang/crates.io-index"
checksum = "4344512281c643ae7638bbabc3af17a11307803ec8f0fcad9fae512a8bf36467"
dependencies = [
 "bitflags",
]

[[package]]
name = "codespan-reporting"
version = "0.9.5"
source = "registry+https://github.com/rust-lang/crates.io-index"
checksum = "6e0762455306b1ed42bc651ef6a2197aabda5e1d4a43c34d5eab5c1a3634e81d"
dependencies = [
 "termcolor",
 "unicode-width",
]

[[package]]
name = "constant_time_eq"
version = "0.1.5"
source = "registry+https://github.com/rust-lang/crates.io-index"
checksum = "245097e9a4535ee1e3e3931fcfcd55a796a44c643e8596ff6566d68f09b87bbc"

[[package]]
name = "copyless"
version = "0.1.5"
source = "registry+https://github.com/rust-lang/crates.io-index"
checksum = "a2df960f5d869b2dd8532793fde43eb5427cceb126c929747a26823ab0eeb536"

[[package]]
name = "cpuid-bool"
version = "0.1.2"
source = "registry+https://github.com/rust-lang/crates.io-index"
checksum = "8aebca1129a03dc6dc2b127edd729435bbc4a37e1d5f4d7513165089ceb02634"

[[package]]
name = "crc32fast"
version = "1.2.0"
source = "registry+https://github.com/rust-lang/crates.io-index"
checksum = "ba125de2af0df55319f41944744ad91c71113bf74a4646efff39afe1f6842db1"
dependencies = [
 "cfg-if",
]

[[package]]
name = "crossbeam-utils"
version = "0.7.2"
source = "registry+https://github.com/rust-lang/crates.io-index"
checksum = "c3c7c73a2d1e9fc0886a08b93e98eb643461230d5f1925e4036204d5f2e261a8"
dependencies = [
 "autocfg",
 "cfg-if",
 "lazy_static",
]

[[package]]
name = "data-encoding"
version = "2.3.0"
source = "registry+https://github.com/rust-lang/crates.io-index"
checksum = "d4d0e2d24e5ee3b23a01de38eefdcd978907890701f08ffffd4cb457ca4ee8d6"

[[package]]
name = "derivative"
version = "2.1.1"
source = "registry+https://github.com/rust-lang/crates.io-index"
checksum = "cb582b60359da160a9477ee80f15c8d784c477e69c217ef2cdd4169c24ea380f"
dependencies = [
 "proc-macro2",
 "quote",
 "syn",
]

[[package]]
name = "derive_more"
version = "0.99.9"
source = "registry+https://github.com/rust-lang/crates.io-index"
checksum = "298998b1cf6b5b2c8a7b023dfd45821825ce3ba8a8af55c921a0e734e4653f76"
dependencies = [
 "proc-macro2",
 "quote",
 "syn",
]

[[package]]
name = "diff"
version = "0.1.12"
source = "registry+https://github.com/rust-lang/crates.io-index"
checksum = "0e25ea47919b1560c4e3b7fe0aaab9becf5b84a10325ddf7db0f0ba5e1026499"

[[package]]
name = "digest"
version = "0.8.1"
source = "registry+https://github.com/rust-lang/crates.io-index"
checksum = "f3d0c8c8752312f9713efd397ff63acb9f85585afbf179282e720e7704954dd5"
dependencies = [
 "generic-array 0.12.3",
]

[[package]]
name = "digest"
version = "0.9.0"
source = "registry+https://github.com/rust-lang/crates.io-index"
checksum = "d3dd60d1080a57a05ab032377049e0591415d2b31afd7028356dbf3cc6dcb066"
dependencies = [
 "generic-array 0.14.4",
]

[[package]]
name = "dirs"
version = "1.0.5"
source = "registry+https://github.com/rust-lang/crates.io-index"
checksum = "3fd78930633bd1c6e35c4b42b1df7b0cbc6bc191146e512bb3bedf243fcc3901"
dependencies = [
 "libc",
 "redox_users",
 "winapi 0.3.8",
]

[[package]]
name = "docopt"
version = "1.1.0"
source = "registry+https://github.com/rust-lang/crates.io-index"
checksum = "7f525a586d310c87df72ebcd98009e57f1cc030c8c268305287a476beb653969"
dependencies = [
 "lazy_static",
 "regex",
 "serde",
 "strsim",
]

[[package]]
name = "either"
version = "1.5.3"
source = "registry+https://github.com/rust-lang/crates.io-index"
checksum = "bb1f6b1ce1c140482ea30ddd3335fc0024ac7ee112895426e0a629a6c20adfe3"

[[package]]
name = "ena"
version = "0.14.0"
source = "registry+https://github.com/rust-lang/crates.io-index"
checksum = "d7402b94a93c24e742487327a7cd839dc9d36fec9de9fb25b09f2dae459f36c3"
dependencies = [
 "log",
]

[[package]]
name = "fake-simd"
version = "0.1.2"
source = "registry+https://github.com/rust-lang/crates.io-index"
checksum = "e88a8acf291dafb59c2d96e8f59828f3838bb1a70398823ade51a84de6a6deed"

[[package]]
name = "fixedbitset"
version = "0.2.0"
source = "registry+https://github.com/rust-lang/crates.io-index"
checksum = "37ab347416e802de484e4d03c7316c48f1ecb56574dfd4a46a80f173ce1de04d"

[[package]]
name = "fnv"
version = "1.0.7"
source = "registry+https://github.com/rust-lang/crates.io-index"
checksum = "3f9eec918d3f24069decb9af1554cad7c880e2da24a9afd88aca000531ab82c1"

[[package]]
name = "fuchsia-zircon"
version = "0.3.3"
source = "registry+https://github.com/rust-lang/crates.io-index"
checksum = "2e9763c69ebaae630ba35f74888db465e49e259ba1bc0eda7d06f4a067615d82"
dependencies = [
 "bitflags",
 "fuchsia-zircon-sys",
]

[[package]]
name = "fuchsia-zircon-sys"
version = "0.3.3"
source = "registry+https://github.com/rust-lang/crates.io-index"
checksum = "3dcaa9ae7725d12cdb85b3ad99a434db70b468c09ded17e012d86b5c1010f7a7"

[[package]]
name = "futures"
version = "0.3.5"
source = "registry+https://github.com/rust-lang/crates.io-index"
checksum = "1e05b85ec287aac0dc34db7d4a569323df697f9c55b99b15d6b4ef8cde49f613"
dependencies = [
 "futures-channel",
 "futures-core",
 "futures-executor",
 "futures-io",
 "futures-sink",
 "futures-task",
 "futures-util",
]

[[package]]
name = "futures-channel"
version = "0.3.5"
source = "registry+https://github.com/rust-lang/crates.io-index"
checksum = "f366ad74c28cca6ba456d95e6422883cfb4b252a83bed929c83abfdbbf2967d5"
dependencies = [
 "futures-core",
 "futures-sink",
]

[[package]]
name = "futures-core"
version = "0.3.5"
source = "registry+https://github.com/rust-lang/crates.io-index"
checksum = "59f5fff90fd5d971f936ad674802482ba441b6f09ba5e15fd8b39145582ca399"

[[package]]
name = "futures-executor"
version = "0.3.5"
source = "registry+https://github.com/rust-lang/crates.io-index"
checksum = "10d6bb888be1153d3abeb9006b11b02cf5e9b209fda28693c31ae1e4e012e314"
dependencies = [
 "futures-core",
 "futures-task",
 "futures-util",
]

[[package]]
name = "futures-io"
version = "0.3.5"
source = "registry+https://github.com/rust-lang/crates.io-index"
checksum = "de27142b013a8e869c14957e6d2edeef89e97c289e69d042ee3a49acd8b51789"

[[package]]
name = "futures-macro"
version = "0.3.5"
source = "registry+https://github.com/rust-lang/crates.io-index"
checksum = "d0b5a30a4328ab5473878237c447333c093297bded83a4983d10f4deea240d39"
dependencies = [
 "proc-macro-hack",
 "proc-macro2",
 "quote",
 "syn",
]

[[package]]
name = "futures-sink"
version = "0.3.5"
source = "registry+https://github.com/rust-lang/crates.io-index"
checksum = "3f2032893cb734c7a05d85ce0cc8b8c4075278e93b24b66f9de99d6eb0fa8acc"

[[package]]
name = "futures-task"
version = "0.3.5"
source = "registry+https://github.com/rust-lang/crates.io-index"
checksum = "bdb66b5f09e22019b1ab0830f7785bcea8e7a42148683f99214f73f8ec21a626"
dependencies = [
 "once_cell",
]

[[package]]
name = "futures-util"
version = "0.3.5"
source = "registry+https://github.com/rust-lang/crates.io-index"
checksum = "8764574ff08b701a084482c3c7031349104b07ac897393010494beaa18ce32c6"
dependencies = [
 "futures-channel",
 "futures-core",
 "futures-io",
 "futures-macro",
 "futures-sink",
 "futures-task",
 "memchr",
 "pin-project",
 "pin-utils",
 "proc-macro-hack",
 "proc-macro-nested",
 "slab",
]

[[package]]
name = "generic-array"
version = "0.12.3"
source = "registry+https://github.com/rust-lang/crates.io-index"
checksum = "c68f0274ae0e023facc3c97b2e00f076be70e254bc851d972503b328db79b2ec"
dependencies = [
 "typenum",
]

[[package]]
name = "generic-array"
version = "0.14.4"
source = "registry+https://github.com/rust-lang/crates.io-index"
checksum = "501466ecc8a30d1d3b7fc9229b122b2ce8ed6e9d9223f1138d4babb253e51817"
dependencies = [
 "typenum",
 "version_check",
]

[[package]]
name = "getrandom"
version = "0.1.14"
source = "registry+https://github.com/rust-lang/crates.io-index"
checksum = "7abc8dd8451921606d809ba32e95b6111925cd2906060d2dcc29c070220503eb"
dependencies = [
 "cfg-if",
 "libc",
 "wasi",
]

[[package]]
name = "hashbrown"
version = "0.9.0"
source = "registry+https://github.com/rust-lang/crates.io-index"
checksum = "00d63df3d41950fb462ed38308eea019113ad1508da725bbedcd0fa5a85ef5f7"

[[package]]
name = "hermit-abi"
version = "0.1.13"
source = "registry+https://github.com/rust-lang/crates.io-index"
checksum = "91780f809e750b0a89f5544be56617ff6b1227ee485bcb06ebe10cdf89bd3b71"
dependencies = [
 "libc",
]

[[package]]
name = "hex"
version = "0.4.2"
source = "registry+https://github.com/rust-lang/crates.io-index"
checksum = "644f9158b2f133fd50f5fb3242878846d9eb792e445c893805ff0e3824006e35"

[[package]]
name = "ic-types"
version = "0.1.1"
source = "registry+https://github.com/rust-lang/crates.io-index"
checksum = "37a55e41f39608ff7aeec547c5e216da5eb5af51d689589fa68b0cbaf269ca9b"
dependencies = [
 "base32",
 "crc32fast",
 "serde",
 "sha2 0.9.1",
 "thiserror",
]

[[package]]
name = "ic_cdk"
version = "0.1.0"
dependencies = [
 "base32",
 "candid",
 "cfg-if",
 "crc32fast",
 "hex",
 "serde",
 "wee_alloc",
]

[[package]]
name = "ic_cdk_macros"
version = "0.1.0"
dependencies = [
 "candid",
 "proc-macro2",
 "quote",
 "serde",
 "serde_tokenstream",
 "syn",
]

[[package]]
name = "indexmap"
version = "1.6.0"
source = "registry+https://github.com/rust-lang/crates.io-index"
checksum = "55e2e4c765aa53a0424761bf9f41aa7a6ac1efa87238f59560640e27fca028f2"
dependencies = [
 "autocfg",
 "hashbrown",
]

[[package]]
name = "instant"
version = "0.1.6"
source = "registry+https://github.com/rust-lang/crates.io-index"
checksum = "5b141fdc7836c525d4d594027d318c84161ca17aaf8113ab1f81ab93ae897485"

[[package]]
name = "iovec"
version = "0.1.4"
source = "registry+https://github.com/rust-lang/crates.io-index"
checksum = "b2b3ea6ff95e175473f8ffe6a7eb7c00d054240321b84c57051175fe3c1e075e"
dependencies = [
 "libc",
]

[[package]]
name = "itertools"
version = "0.9.0"
source = "registry+https://github.com/rust-lang/crates.io-index"
checksum = "284f18f85651fe11e8a991b2adb42cb078325c996ed026d994719efcfca1d54b"
dependencies = [
 "either",
]

[[package]]
name = "kernel32-sys"
version = "0.2.2"
source = "registry+https://github.com/rust-lang/crates.io-index"
checksum = "7507624b29483431c0ba2d82aece8ca6cdba9382bff4ddd0f7490560c056098d"
dependencies = [
 "winapi 0.2.8",
 "winapi-build",
]

[[package]]
name = "lalrpop"
version = "0.19.0"
source = "registry+https://github.com/rust-lang/crates.io-index"
checksum = "d6f55673d283313791404be21209bb433f128f7e5c451986df107eb5fdbd68d2"
dependencies = [
 "ascii-canvas",
 "atty",
 "bit-set",
 "diff",
 "docopt",
 "ena",
 "itertools",
 "lalrpop-util",
 "petgraph",
 "regex",
 "regex-syntax",
 "serde",
 "serde_derive",
 "sha2 0.8.2",
 "string_cache",
 "term",
 "unicode-xid",
]

[[package]]
name = "lalrpop-util"
version = "0.19.0"
source = "registry+https://github.com/rust-lang/crates.io-index"
checksum = "f7e88f15a7d31dfa8fb607986819039127f0161058a3b248a146142d276cbd28"

[[package]]
name = "lazy_static"
version = "1.4.0"
source = "registry+https://github.com/rust-lang/crates.io-index"
checksum = "e2abad23fbc42b3700f2f279844dc832adb2b2eb069b2df918f455c4e18cc646"

[[package]]
name = "leb128"
version = "0.2.4"
source = "registry+https://github.com/rust-lang/crates.io-index"
checksum = "3576a87f2ba00f6f106fdfcd16db1d698d648a26ad8e0573cad8537c3c362d2a"

[[package]]
name = "libc"
version = "0.2.71"
source = "registry+https://github.com/rust-lang/crates.io-index"
checksum = "9457b06509d27052635f90d6466700c65095fdf75409b3fbdd903e988b886f49"

[[package]]
name = "lock_api"
version = "0.4.1"
source = "registry+https://github.com/rust-lang/crates.io-index"
checksum = "28247cc5a5be2f05fbcd76dd0cf2c7d3b5400cb978a28042abcd4fa0b3f8261c"
dependencies = [
 "scopeguard",
]

[[package]]
name = "log"
version = "0.4.8"
source = "registry+https://github.com/rust-lang/crates.io-index"
checksum = "14b6052be84e6b71ab17edffc2eeabf5c2c3ae1fdb464aae35ac50c67a44e1f7"
dependencies = [
 "cfg-if",
]

[[package]]
name = "logos"
version = "0.11.4"
source = "registry+https://github.com/rust-lang/crates.io-index"
checksum = "b91c49573597a5d6c094f9031617bb1fed15c0db68c81e6546d313414ce107e4"
dependencies = [
 "logos-derive",
]

[[package]]
name = "logos-derive"
version = "0.11.5"
source = "registry+https://github.com/rust-lang/crates.io-index"
checksum = "797b1f8a0571b331c1b47e7db245af3dc634838da7a92b3bef4e30376ae1c347"
dependencies = [
 "beef",
 "fnv",
 "proc-macro2",
 "quote",
 "regex-syntax",
 "syn",
 "utf8-ranges",
]

[[package]]
name = "memchr"
version = "2.3.3"
source = "registry+https://github.com/rust-lang/crates.io-index"
checksum = "3728d817d99e5ac407411fa471ff9800a778d88a24685968b36824eaf4bee400"

[[package]]
name = "memory_units"
version = "0.4.0"
source = "registry+https://github.com/rust-lang/crates.io-index"
checksum = "8452105ba047068f40ff7093dd1d9da90898e63dd61736462e9cdda6a90ad3c3"

[[package]]
name = "mio"
version = "0.6.22"
source = "registry+https://github.com/rust-lang/crates.io-index"
checksum = "fce347092656428bc8eaf6201042cb551b8d67855af7374542a92a0fbfcac430"
dependencies = [
 "cfg-if",
 "fuchsia-zircon",
 "fuchsia-zircon-sys",
 "iovec",
 "kernel32-sys",
 "libc",
 "log",
 "miow",
 "net2",
 "slab",
 "winapi 0.2.8",
]

[[package]]
name = "mio-uds"
version = "0.6.8"
source = "registry+https://github.com/rust-lang/crates.io-index"
checksum = "afcb699eb26d4332647cc848492bbc15eafb26f08d0304550d5aa1f612e066f0"
dependencies = [
 "iovec",
 "libc",
 "mio",
]

[[package]]
name = "miow"
version = "0.2.1"
source = "registry+https://github.com/rust-lang/crates.io-index"
checksum = "8c1f2f3b1cf331de6896aabf6e9d55dca90356cc9960cca7eaaf408a355ae919"
dependencies = [
 "kernel32-sys",
 "net2",
 "winapi 0.2.8",
 "ws2_32-sys",
]

[[package]]
name = "net2"
version = "0.2.34"
source = "registry+https://github.com/rust-lang/crates.io-index"
checksum = "2ba7c918ac76704fb42afcbbb43891e72731f3dcca3bef2a19786297baf14af7"
dependencies = [
 "cfg-if",
 "libc",
 "winapi 0.3.8",
]

[[package]]
name = "new_debug_unreachable"
version = "1.0.4"
source = "registry+https://github.com/rust-lang/crates.io-index"
checksum = "e4a24736216ec316047a1fc4252e27dabb04218aa4a3f37c6e7ddbf1f9782b54"

[[package]]
name = "num-bigint"
version = "0.3.0"
source = "registry+https://github.com/rust-lang/crates.io-index"
checksum = "b7f3fc75e3697059fb1bc465e3d8cca6cf92f56854f201158b3f9c77d5a3cfa0"
dependencies = [
 "autocfg",
 "num-integer",
 "num-traits",
]

[[package]]
name = "num-integer"
version = "0.1.42"
source = "registry+https://github.com/rust-lang/crates.io-index"
checksum = "3f6ea62e9d81a77cd3ee9a2a5b9b609447857f3d358704331e4ef39eb247fcba"
dependencies = [
 "autocfg",
 "num-traits",
]

[[package]]
name = "num-traits"
version = "0.2.12"
source = "registry+https://github.com/rust-lang/crates.io-index"
checksum = "ac267bcc07f48ee5f8935ab0d24f316fb722d7a1292e2913f0cc196b29ffd611"
dependencies = [
 "autocfg",
]

[[package]]
name = "num_cpus"
version = "1.13.0"
source = "registry+https://github.com/rust-lang/crates.io-index"
checksum = "05499f3756671c15885fee9034446956fff3f243d6077b91e5767df161f766b3"
dependencies = [
 "hermit-abi",
 "libc",
]

[[package]]
name = "num_enum"
version = "0.5.1"
source = "registry+https://github.com/rust-lang/crates.io-index"
checksum = "226b45a5c2ac4dd696ed30fa6b94b057ad909c7b7fc2e0d0808192bced894066"
dependencies = [
 "derivative",
 "num_enum_derive",
]

[[package]]
name = "num_enum_derive"
version = "0.5.1"
source = "registry+https://github.com/rust-lang/crates.io-index"
checksum = "1c0fd9eba1d5db0994a239e09c1be402d35622277e35468ba891aa5e3188ce7e"
dependencies = [
 "proc-macro-crate",
 "proc-macro2",
 "quote",
 "syn",
]

[[package]]
name = "once_cell"
version = "1.4.0"
source = "registry+https://github.com/rust-lang/crates.io-index"
checksum = "0b631f7e854af39a1739f401cf34a8a013dfe09eac4fa4dba91e9768bd28168d"

[[package]]
name = "opaque-debug"
version = "0.2.3"
source = "registry+https://github.com/rust-lang/crates.io-index"
checksum = "2839e79665f131bdb5782e51f2c6c9599c133c6098982a54c794358bf432529c"

[[package]]
name = "opaque-debug"
version = "0.3.0"
source = "registry+https://github.com/rust-lang/crates.io-index"
checksum = "624a8340c38c1b80fd549087862da4ba43e08858af025b236e509b6649fc13d5"

[[package]]
name = "parking_lot"
version = "0.11.0"
source = "registry+https://github.com/rust-lang/crates.io-index"
checksum = "a4893845fa2ca272e647da5d0e46660a314ead9c2fdd9a883aabc32e481a8733"
dependencies = [
 "instant",
 "lock_api",
 "parking_lot_core",
]

[[package]]
name = "parking_lot_core"
version = "0.8.0"
source = "registry+https://github.com/rust-lang/crates.io-index"
checksum = "c361aa727dd08437f2f1447be8b59a33b0edd15e0fcee698f935613d9efbca9b"
dependencies = [
 "cfg-if",
 "cloudabi",
 "instant",
 "libc",
 "redox_syscall",
 "smallvec",
 "winapi 0.3.8",
]

[[package]]
name = "paste"
version = "1.0.0"
source = "registry+https://github.com/rust-lang/crates.io-index"
checksum = "f6ddc8e145de01d9180ac7b78b9676f95a9c2447f6a88b2c2a04702211bc5d71"

[[package]]
name = "petgraph"
version = "0.5.1"
source = "registry+https://github.com/rust-lang/crates.io-index"
checksum = "467d164a6de56270bd7c4d070df81d07beace25012d5103ced4e9ff08d6afdb7"
dependencies = [
 "fixedbitset",
 "indexmap",
]

[[package]]
name = "phf_shared"
version = "0.8.0"
source = "registry+https://github.com/rust-lang/crates.io-index"
checksum = "c00cf8b9eafe68dde5e9eaa2cef8ee84a9336a47d566ec55ca16589633b65af7"
dependencies = [
 "siphasher",
]

[[package]]
name = "pin-project"
version = "0.4.20"
source = "registry+https://github.com/rust-lang/crates.io-index"
checksum = "e75373ff9037d112bb19bc61333a06a159eaeb217660dcfbea7d88e1db823919"
dependencies = [
 "pin-project-internal",
]

[[package]]
name = "pin-project-internal"
version = "0.4.20"
source = "registry+https://github.com/rust-lang/crates.io-index"
checksum = "10b4b44893d3c370407a1d6a5cfde7c41ae0478e31c516c85f67eb3adc51be6d"
dependencies = [
 "proc-macro2",
 "quote",
 "syn",
]

[[package]]
name = "pin-project-lite"
version = "0.1.7"
source = "registry+https://github.com/rust-lang/crates.io-index"
checksum = "282adbf10f2698a7a77f8e983a74b2d18176c19a7fd32a45446139ae7b02b715"

[[package]]
name = "pin-utils"
version = "0.1.0"
source = "registry+https://github.com/rust-lang/crates.io-index"
checksum = "8b870d8c151b6f2fb93e84a13146138f05d02ed11c7e7c54f8826aaaf7c9f184"

[[package]]
name = "precomputed-hash"
version = "0.1.1"
source = "registry+https://github.com/rust-lang/crates.io-index"
checksum = "925383efa346730478fb4838dbe9137d2a47675ad789c546d150a6e1dd4ab31c"

[[package]]
name = "pretty"
version = "0.10.0"
source = "registry+https://github.com/rust-lang/crates.io-index"
checksum = "ad9940b913ee56ddd94aec2d3cd179dd47068236f42a1a6415ccf9d880ce2a61"
dependencies = [
 "arrayvec",
 "typed-arena",
]

[[package]]
name = "proc-macro-crate"
version = "0.1.4"
source = "registry+https://github.com/rust-lang/crates.io-index"
checksum = "e10d4b51f154c8a7fb96fd6dad097cb74b863943ec010ac94b9fd1be8861fe1e"
dependencies = [
 "toml",
]

[[package]]
name = "proc-macro-hack"
version = "0.5.16"
source = "registry+https://github.com/rust-lang/crates.io-index"
checksum = "7e0456befd48169b9f13ef0f0ad46d492cf9d2dbb918bcf38e01eed4ce3ec5e4"

[[package]]
name = "proc-macro-nested"
version = "0.1.5"
source = "registry+https://github.com/rust-lang/crates.io-index"
checksum = "0afe1bd463b9e9ed51d0e0f0b50b6b146aec855c56fd182bb242388710a9b6de"

[[package]]
name = "proc-macro2"
version = "1.0.19"
source = "registry+https://github.com/rust-lang/crates.io-index"
checksum = "04f5f085b5d71e2188cb8271e5da0161ad52c3f227a661a3c135fdf28e258b12"
dependencies = [
 "unicode-xid",
]

[[package]]
name = "quote"
version = "1.0.7"
source = "registry+https://github.com/rust-lang/crates.io-index"
checksum = "aa563d17ecb180e500da1cfd2b028310ac758de548efdd203e18f283af693f37"
dependencies = [
 "proc-macro2",
]

[[package]]
name = "rand_core"
version = "0.5.1"
source = "registry+https://github.com/rust-lang/crates.io-index"
checksum = "90bde5296fc891b0cef12a6d03ddccc162ce7b2aff54160af9338f8d40df6d19"

[[package]]
name = "redox_syscall"
version = "0.1.56"
source = "registry+https://github.com/rust-lang/crates.io-index"
checksum = "2439c63f3f6139d1b57529d16bc3b8bb855230c8efcc5d3a896c8bea7c3b1e84"

[[package]]
name = "redox_users"
version = "0.3.4"
source = "registry+https://github.com/rust-lang/crates.io-index"
checksum = "09b23093265f8d200fa7b4c2c76297f47e681c655f6f1285a8780d6a022f7431"
dependencies = [
 "getrandom",
 "redox_syscall",
 "rust-argon2",
]

[[package]]
name = "regex"
version = "1.3.9"
source = "registry+https://github.com/rust-lang/crates.io-index"
checksum = "9c3780fcf44b193bc4d09f36d2a3c87b251da4a046c87795a0d35f4f927ad8e6"
dependencies = [
 "aho-corasick",
 "memchr",
 "regex-syntax",
 "thread_local",
]

[[package]]
name = "regex-syntax"
version = "0.6.18"
source = "registry+https://github.com/rust-lang/crates.io-index"
checksum = "26412eb97c6b088a6997e05f69403a802a92d520de2f8e63c2b65f9e0f47c4e8"

[[package]]
name = "roaring"
version = "0.6.1"
source = "registry+https://github.com/rust-lang/crates.io-index"
checksum = "99a260b0fb7df2095948f4a1d37afe5d1a08a2ccc7380f418cec049dc9560077"
dependencies = [
 "byteorder",
]

[[package]]
name = "rust-argon2"
version = "0.7.0"
source = "registry+https://github.com/rust-lang/crates.io-index"
checksum = "2bc8af4bda8e1ff4932523b94d3dd20ee30a87232323eda55903ffd71d2fb017"
dependencies = [
 "base64",
 "blake2b_simd",
 "constant_time_eq",
 "crossbeam-utils",
]

[[package]]
name = "rust-stemmers"
version = "1.2.0"
source = "registry+https://github.com/rust-lang/crates.io-index"
checksum = "e46a2036019fdb888131db7a4c847a1063a7493f971ed94ea82c67eada63ca54"
dependencies = [
 "serde",
 "serde_derive",
]

[[package]]
name = "scopeguard"
version = "1.1.0"
source = "registry+https://github.com/rust-lang/crates.io-index"
checksum = "d29ab0c6d3fc0ee92fe66e2d99f700eab17a8d57d1c1d3b748380fb20baa78cd"

[[package]]
name = "serde"
version = "1.0.115"
source = "registry+https://github.com/rust-lang/crates.io-index"
checksum = "e54c9a88f2da7238af84b5101443f0c0d0a3bbdc455e34a5c9497b1903ed55d5"
dependencies = [
 "serde_derive",
]

[[package]]
name = "serde-json-wasm"
version = "0.2.1"
source = "registry+https://github.com/rust-lang/crates.io-index"
checksum = "7294d94d390f1d2334697c065ea591d7074c676e2d20aa6f1df752fced29823f"
dependencies = [
 "serde",
]

[[package]]
name = "serde_derive"
version = "1.0.115"
source = "registry+https://github.com/rust-lang/crates.io-index"
checksum = "609feed1d0a73cc36a0182a840a9b37b4a82f0b1150369f0536a9e3f2a31dc48"
dependencies = [
 "proc-macro2",
 "quote",
 "syn",
]

[[package]]
name = "serde_tokenstream"
version = "0.1.2"
source = "registry+https://github.com/rust-lang/crates.io-index"
checksum = "0c3ce95257fba42a656f558db28d56a9fac5aa6e4f29c5ef607f32f524fab0ab"
dependencies = [
 "proc-macro2",
 "serde",
 "syn",
]

[[package]]
name = "sha2"
version = "0.8.2"
source = "registry+https://github.com/rust-lang/crates.io-index"
checksum = "a256f46ea78a0c0d9ff00077504903ac881a1dafdc20da66545699e7776b3e69"
dependencies = [
 "block-buffer 0.7.3",
 "digest 0.8.1",
 "fake-simd",
 "opaque-debug 0.2.3",
]

[[package]]
name = "sha2"
version = "0.9.1"
source = "registry+https://github.com/rust-lang/crates.io-index"
checksum = "2933378ddfeda7ea26f48c555bdad8bb446bf8a3d17832dc83e380d444cfb8c1"
dependencies = [
 "block-buffer 0.9.0",
 "cfg-if",
 "cpuid-bool",
 "digest 0.9.0",
 "opaque-debug 0.3.0",
]

[[package]]
name = "signal-hook-registry"
version = "1.2.1"
source = "registry+https://github.com/rust-lang/crates.io-index"
checksum = "a3e12110bc539e657a646068aaf5eb5b63af9d0c1f7b29c97113fad80e15f035"
dependencies = [
 "arc-swap",
 "libc",
]

[[package]]
name = "siphasher"
version = "0.3.3"
source = "registry+https://github.com/rust-lang/crates.io-index"
checksum = "fa8f3741c7372e75519bd9346068370c9cdaabcc1f9599cbcf2a2719352286b7"

[[package]]
name = "slab"
version = "0.4.2"
source = "registry+https://github.com/rust-lang/crates.io-index"
checksum = "c111b5bd5695e56cffe5129854aa230b39c93a305372fdbb2668ca2394eea9f8"

[[package]]
name = "smallvec"
version = "1.4.2"
source = "registry+https://github.com/rust-lang/crates.io-index"
checksum = "fbee7696b84bbf3d89a1c2eccff0850e3047ed46bfcd2e92c29a2d074d57e252"

[[package]]
name = "string_cache"
version = "0.8.0"
source = "registry+https://github.com/rust-lang/crates.io-index"
checksum = "2940c75beb4e3bf3a494cef919a747a2cb81e52571e212bfbd185074add7208a"
dependencies = [
 "lazy_static",
 "new_debug_unreachable",
 "phf_shared",
 "precomputed-hash",
 "serde",
]

[[package]]
name = "strsim"
version = "0.9.3"
source = "registry+https://github.com/rust-lang/crates.io-index"
checksum = "6446ced80d6c486436db5c078dde11a9f73d42b57fb273121e160b84f63d894c"

[[package]]
name = "syn"
version = "1.0.39"
source = "registry+https://github.com/rust-lang/crates.io-index"
checksum = "891d8d6567fe7c7f8835a3a98af4208f3846fba258c1bc3c31d6e506239f11f9"
dependencies = [
 "proc-macro2",
 "quote",
 "unicode-xid",
]

[[package]]
name = "term"
version = "0.5.2"
source = "registry+https://github.com/rust-lang/crates.io-index"
checksum = "edd106a334b7657c10b7c540a0106114feadeb4dc314513e97df481d5d966f42"
dependencies = [
 "byteorder",
 "dirs",
 "winapi 0.3.8",
]

[[package]]
name = "termcolor"
version = "1.1.0"
source = "registry+https://github.com/rust-lang/crates.io-index"
checksum = "bb6bfa289a4d7c5766392812c0a1f4c1ba45afa1ad47803c11e1f407d846d75f"
dependencies = [
 "winapi-util",
]

[[package]]
name = "thiserror"
version = "1.0.20"
source = "registry+https://github.com/rust-lang/crates.io-index"
checksum = "7dfdd070ccd8ccb78f4ad66bf1982dc37f620ef696c6b5028fe2ed83dd3d0d08"
dependencies = [
 "thiserror-impl",
]

[[package]]
name = "thiserror-impl"
version = "1.0.20"
source = "registry+https://github.com/rust-lang/crates.io-index"
checksum = "bd80fc12f73063ac132ac92aceea36734f04a1d93c1240c6944e23a3b8841793"
dependencies = [
 "proc-macro2",
 "quote",
 "syn",
]

[[package]]
name = "thread_local"
version = "1.0.1"
source = "registry+https://github.com/rust-lang/crates.io-index"
checksum = "d40c6d1b69745a6ec6fb1ca717914848da4b44ae29d9b3080cbee91d72a69b14"
dependencies = [
 "lazy_static",
]

[[package]]
name = "threadpool"
version = "1.8.1"
source = "registry+https://github.com/rust-lang/crates.io-index"
checksum = "d050e60b33d41c19108b32cea32164033a9013fe3b46cbd4457559bfbf77afaa"
dependencies = [
 "num_cpus",
]

[[package]]
name = "tokio"
version = "0.2.22"
source = "registry+https://github.com/rust-lang/crates.io-index"
checksum = "5d34ca54d84bf2b5b4d7d31e901a8464f7b60ac145a284fba25ceb801f2ddccd"
dependencies = [
 "bytes",
 "futures-core",
 "iovec",
 "lazy_static",
 "libc",
 "mio",
 "mio-uds",
 "pin-project-lite",
 "signal-hook-registry",
 "slab",
 "winapi 0.3.8",
]

[[package]]
name = "toml"
version = "0.5.6"
source = "registry+https://github.com/rust-lang/crates.io-index"
checksum = "ffc92d160b1eef40665be3a05630d003936a3bc7da7421277846c2613e92c71a"
dependencies = [
 "serde",
]

[[package]]
name = "typed-arena"
version = "2.0.1"
source = "registry+https://github.com/rust-lang/crates.io-index"
checksum = "0685c84d5d54d1c26f7d3eb96cd41550adb97baed141a761cf335d3d33bcd0ae"

[[package]]
name = "typenum"
version = "1.12.0"
source = "registry+https://github.com/rust-lang/crates.io-index"
checksum = "373c8a200f9e67a0c95e62a4f52fbf80c23b4381c05a17845531982fa99e6b33"

[[package]]
name = "unicode-width"
version = "0.1.8"
source = "registry+https://github.com/rust-lang/crates.io-index"
checksum = "9337591893a19b88d8d87f2cec1e73fad5cdfd10e5a6f349f498ad6ea2ffb1e3"

[[package]]
name = "unicode-xid"
version = "0.2.0"
source = "registry+https://github.com/rust-lang/crates.io-index"
checksum = "826e7639553986605ec5979c7dd957c7895e93eabed50ab2ffa7f6128a75097c"

[[package]]
name = "utf8-ranges"
version = "1.0.4"
source = "registry+https://github.com/rust-lang/crates.io-index"
checksum = "b4ae116fef2b7fea257ed6440d3cfcff7f190865f170cdad00bb6465bf18ecba"

[[package]]
name = "version_check"
version = "0.9.2"
source = "registry+https://github.com/rust-lang/crates.io-index"
checksum = "b5a972e5669d67ba988ce3dc826706fb0a8b01471c088cb0b6110b805cc36aed"

[[package]]
name = "wasi"
version = "0.9.0+wasi-snapshot-preview1"
source = "registry+https://github.com/rust-lang/crates.io-index"
checksum = "cccddf32554fecc6acb585f82a32a72e28b48f8c4c1883ddfeeeaa96f7d8e519"

[[package]]
name = "wee_alloc"
version = "0.4.5"
source = "registry+https://github.com/rust-lang/crates.io-index"
checksum = "dbb3b5a6b2bb17cb6ad44a2e68a43e8d2722c997da10e928665c72ec6c0a0b8e"
dependencies = [
 "cfg-if",
 "libc",
 "memory_units",
 "winapi 0.3.8",
]

[[package]]
name = "winapi"
version = "0.2.8"
source = "registry+https://github.com/rust-lang/crates.io-index"
checksum = "167dc9d6949a9b857f3451275e911c3f44255842c1f7a76f33c55103a909087a"

[[package]]
name = "winapi"
version = "0.3.8"
source = "registry+https://github.com/rust-lang/crates.io-index"
checksum = "8093091eeb260906a183e6ae1abdba2ef5ef2257a21801128899c3fc699229c6"
dependencies = [
 "winapi-i686-pc-windows-gnu",
 "winapi-x86_64-pc-windows-gnu",
]

[[package]]
name = "winapi-build"
version = "0.1.1"
source = "registry+https://github.com/rust-lang/crates.io-index"
checksum = "2d315eee3b34aca4797b2da6b13ed88266e6d612562a0c46390af8299fc699bc"

[[package]]
name = "winapi-i686-pc-windows-gnu"
version = "0.4.0"
source = "registry+https://github.com/rust-lang/crates.io-index"
checksum = "ac3b87c63620426dd9b991e5ce0329eff545bccbbb34f3be09ff6fb6ab51b7b6"

[[package]]
name = "winapi-util"
version = "0.1.5"
source = "registry+https://github.com/rust-lang/crates.io-index"
checksum = "70ec6ce85bb158151cae5e5c87f95a8e97d2c0c4b001223f33a334e3ce5de178"
dependencies = [
 "winapi 0.3.8",
]

[[package]]
name = "winapi-x86_64-pc-windows-gnu"
version = "0.4.0"
source = "registry+https://github.com/rust-lang/crates.io-index"
checksum = "712e227841d057c1ee1cd2fb22fa7e5a5461ae8e48fa2ca79ec42cfc1931183f"

[[package]]
name = "ws2_32-sys"
version = "0.2.1"
source = "registry+https://github.com/rust-lang/crates.io-index"
checksum = "d59cefebd0c892fa2dd6de581e937301d8552cb44489cdff035c6187cb63fa5e"
dependencies = [
 "winapi 0.2.8",
 "winapi-build",
]

[[package]]
name = "wyhash"
version = "0.4.1"
source = "registry+https://github.com/rust-lang/crates.io-index"
checksum = "0fe26121db27575e4fb30ceded9806fbfe0edb489f170a17506d9ad0b1aca41c"
dependencies = [
 "rand_core",
]
